
Microsoft Visual Studio Solution File, Format Version 12.00
# Visual Studio Version 17
VisualStudioVersion = 17.5.33530.505
MinimumVisualStudioVersion = 10.0.40219.1
Project("{FAE04EC0-301F-11D3-BF4B-00C04F79EFBC}") = "FIAP_PrimeiraApi.Api", "FIAP_PrimeiraApi.Api\FIAP_PrimeiraApi.Api.csproj", "{EE51A787-5541-448D-B6D2-C6A1675E2F7B}"
EndProject
Global
	GlobalSection(SolutionConfigurationPlatforms) = preSolution
		Debug|Any CPU = Debug|Any CPU
		Release|Any CPU = Release|Any CPU
	EndGlobalSection
	GlobalSection(ProjectConfigurationPlatforms) = postSolution
		{EE51A787-5541-448D-B6D2-C6A1675E2F7B}.Debug|Any CPU.ActiveCfg = Debug|Any CPU
		{EE51A787-5541-448D-B6D2-C6A1675E2F7B}.Debug|Any CPU.Build.0 = Debug|Any CPU
		{EE51A787-5541-448D-B6D2-C6A1675E2F7B}.Release|Any CPU.ActiveCfg = Release|Any CPU
		{EE51A787-5541-448D-B6D2-C6A1675E2F7B}.Release|Any CPU.Build.0 = Release|Any CPU
	EndGlobalSection
	GlobalSection(SolutionProperties) = preSolution
		HideSolutionNode = FALSE
	EndGlobalSection
	GlobalSection(ExtensibilityGlobals) = postSolution
		SolutionGuid = {CBB34BC8-FDA1-4EB2-817C-1030D112E55C}
	EndGlobalSection
EndGlobal
